// !$*UTF8*$!
{
	archiveVersion = 1;
	classes = {
	};
	objectVersion = 46;
	objects = {

/* Begin PBXBuildFile section */
		016869DB1D46D7ED0007C9E8 /* AppDelegate.swift in Sources */ = {isa = PBXBuildFile; fileRef = 016869DA1D46D7ED0007C9E8 /* AppDelegate.swift */; };
		016869DD1D46D7ED0007C9E8 /* ViewController.swift in Sources */ = {isa = PBXBuildFile; fileRef = 016869DC1D46D7ED0007C9E8 /* ViewController.swift */; };
		016869E01D46D7ED0007C9E8 /* Main.storyboard in Resources */ = {isa = PBXBuildFile; fileRef = 016869DE1D46D7ED0007C9E8 /* Main.storyboard */; };
		016869E31D46D7ED0007C9E8 /* Contacts_App.xcdatamodeld in Sources */ = {isa = PBXBuildFile; fileRef = 016869E11D46D7ED0007C9E8 /* Contacts_App.xcdatamodeld */; };
		016869E51D46D7ED0007C9E8 /* Assets.xcassets in Resources */ = {isa = PBXBuildFile; fileRef = 016869E41D46D7ED0007C9E8 /* Assets.xcassets */; };
		016869E81D46D7ED0007C9E8 /* LaunchScreen.storyboard in Resources */ = {isa = PBXBuildFile; fileRef = 016869E61D46D7ED0007C9E8 /* LaunchScreen.storyboard */; };
		016869F31D46D7ED0007C9E8 /* Contacts_AppTests.swift in Sources */ = {isa = PBXBuildFile; fileRef = 016869F21D46D7ED0007C9E8 /* Contacts_AppTests.swift */; };
		016869FE1D46D7ED0007C9E8 /* Contacts_AppUITests.swift in Sources */ = {isa = PBXBuildFile; fileRef = 016869FD1D46D7ED0007C9E8 /* Contacts_AppUITests.swift */; };
		01686A101D46F4630007C9E8 /* ContactsLessonTableViewController.swift in Sources */ = {isa = PBXBuildFile; fileRef = 01686A0F1D46F4630007C9E8 /* ContactsLessonTableViewController.swift */; };
		01686A121D46F7A80007C9E8 /* Contact.swift in Sources */ = {isa = PBXBuildFile; fileRef = 01686A111D46F7A80007C9E8 /* Contact.swift */; };
		01686A141D47EC4E0007C9E8 /* DetailViewController.swift in Sources */ = {isa = PBXBuildFile; fileRef = 01686A131D47EC4E0007C9E8 /* DetailViewController.swift */; };
/* End PBXBuildFile section */

/* Begin PBXContainerItemProxy section */
		016869EF1D46D7ED0007C9E8 /* PBXContainerItemProxy */ = {
			isa = PBXContainerItemProxy;
			containerPortal = 016869CF1D46D7ED0007C9E8 /* Project object */;
			proxyType = 1;
			remoteGlobalIDString = 016869D61D46D7ED0007C9E8;
			remoteInfo = "Contacts App";
		};
		016869FA1D46D7ED0007C9E8 /* PBXContainerItemProxy */ = {
			isa = PBXContainerItemProxy;
			containerPortal = 016869CF1D46D7ED0007C9E8 /* Project object */;
			proxyType = 1;
			remoteGlobalIDString = 016869D61D46D7ED0007C9E8;
			remoteInfo = "Contacts App";
		};
/* End PBXContainerItemProxy section */

/* Begin PBXFileReference section */
		016869D71D46D7ED0007C9E8 /* Contacts App.app */ = {isa = PBXFileReference; explicitFileType = wrapper.application; includeInIndex = 0; path = "Contacts App.app"; sourceTree = BUILT_PRODUCTS_DIR; };
		016869DA1D46D7ED0007C9E8 /* AppDelegate.swift */ = {isa = PBXFileReference; lastKnownFileType = sourcecode.swift; path = AppDelegate.swift; sourceTree = "<group>"; };
		016869DC1D46D7ED0007C9E8 /* ViewController.swift */ = {isa = PBXFileReference; lastKnownFileType = sourcecode.swift; path = ViewController.swift; sourceTree = "<group>"; };
		016869DF1D46D7ED0007C9E8 /* Base */ = {isa = PBXFileReference; lastKnownFileType = file.storyboard; name = Base; path = Base.lproj/Main.storyboard; sourceTree = "<group>"; };
		016869E21D46D7ED0007C9E8 /* Contacts_App.xcdatamodel */ = {isa = PBXFileReference; lastKnownFileType = wrapper.xcdatamodel; path = Contacts_App.xcdatamodel; sourceTree = "<group>"; };
		016869E41D46D7ED0007C9E8 /* Assets.xcassets */ = {isa = PBXFileReference; lastKnownFileType = folder.assetcatalog; path = Assets.xcassets; sourceTree = "<group>"; };
		016869E71D46D7ED0007C9E8 /* Base */ = {isa = PBXFileReference; lastKnownFileType = file.storyboard; name = Base; path = Base.lproj/LaunchScreen.storyboard; sourceTree = "<group>"; };
		016869E91D46D7ED0007C9E8 /* Info.plist */ = {isa = PBXFileReference; lastKnownFileType = text.plist.xml; path = Info.plist; sourceTree = "<group>"; };
		016869EE1D46D7ED0007C9E8 /* Contacts AppTests.xctest */ = {isa = PBXFileReference; explicitFileType = wrapper.cfbundle; includeInIndex = 0; path = "Contacts AppTests.xctest"; sourceTree = BUILT_PRODUCTS_DIR; };
		016869F21D46D7ED0007C9E8 /* Contacts_AppTests.swift */ = {isa = PBXFileReference; lastKnownFileType = sourcecode.swift; path = Contacts_AppTests.swift; sourceTree = "<group>"; };
		016869F41D46D7ED0007C9E8 /* Info.plist */ = {isa = PBXFileReference; lastKnownFileType = text.plist.xml; path = Info.plist; sourceTree = "<group>"; };
		016869F91D46D7ED0007C9E8 /* Contacts AppUITests.xctest */ = {isa = PBXFileReference; explicitFileType = wrapper.cfbundle; includeInIndex = 0; path = "Contacts AppUITests.xctest"; sourceTree = BUILT_PRODUCTS_DIR; };
		016869FD1D46D7ED0007C9E8 /* Contacts_AppUITests.swift */ = {isa = PBXFileReference; lastKnownFileType = sourcecode.swift; path = Contacts_AppUITests.swift; sourceTree = "<group>"; };
		016869FF1D46D7ED0007C9E8 /* Info.plist */ = {isa = PBXFileReference; lastKnownFileType = text.plist.xml; path = Info.plist; sourceTree = "<group>"; };
		01686A0F1D46F4630007C9E8 /* ContactsLessonTableViewController.swift */ = {isa = PBXFileReference; fileEncoding = 4; lastKnownFileType = sourcecode.swift; path = ContactsLessonTableViewController.swift; sourceTree = "<group>"; };
		01686A111D46F7A80007C9E8 /* Contact.swift */ = {isa = PBXFileReference; fileEncoding = 4; lastKnownFileType = sourcecode.swift; path = Contact.swift; sourceTree = "<group>"; };
		01686A131D47EC4E0007C9E8 /* DetailViewController.swift */ = {isa = PBXFileReference; fileEncoding = 4; lastKnownFileType = sourcecode.swift; path = DetailViewController.swift; sourceTree = "<group>"; };
/* End PBXFileReference section */

/* Begin PBXFrameworksBuildPhase section */
		016869D41D46D7ED0007C9E8 /* Frameworks */ = {
			isa = PBXFrameworksBuildPhase;
			buildActionMask = 2147483647;
			files = (
			);
			runOnlyForDeploymentPostprocessing = 0;
		};
		016869EB1D46D7ED0007C9E8 /* Frameworks */ = {
			isa = PBXFrameworksBuildPhase;
			buildActionMask = 2147483647;
			files = (
			);
			runOnlyForDeploymentPostprocessing = 0;
		};
		016869F61D46D7ED0007C9E8 /* Frameworks */ = {
			isa = PBXFrameworksBuildPhase;
			buildActionMask = 2147483647;
			files = (
			);
			runOnlyForDeploymentPostprocessing = 0;
		};
/* End PBXFrameworksBuildPhase section */

/* Begin PBXGroup section */
		016869CE1D46D7ED0007C9E8 = {
			isa = PBXGroup;
			children = (
				016869D91D46D7ED0007C9E8 /* Contacts App */,
				016869F11D46D7ED0007C9E8 /* Contacts AppTests */,
				016869FC1D46D7ED0007C9E8 /* Contacts AppUITests */,
				016869D81D46D7ED0007C9E8 /* Products */,
			);
			sourceTree = "<group>";
		};
		016869D81D46D7ED0007C9E8 /* Products */ = {
			isa = PBXGroup;
			children = (
				016869D71D46D7ED0007C9E8 /* Contacts App.app */,
				016869EE1D46D7ED0007C9E8 /* Contacts AppTests.xctest */,
				016869F91D46D7ED0007C9E8 /* Contacts AppUITests.xctest */,
			);
			name = Products;
			sourceTree = "<group>";
		};
		016869D91D46D7ED0007C9E8 /* Contacts App */ = {
			isa = PBXGroup;
			children = (
				016869DA1D46D7ED0007C9E8 /* AppDelegate.swift */,
				016869DC1D46D7ED0007C9E8 /* ViewController.swift */,
				016869DE1D46D7ED0007C9E8 /* Main.storyboard */,
				01686A111D46F7A80007C9E8 /* Contact.swift */,
				016869E41D46D7ED0007C9E8 /* Assets.xcassets */,
				016869E61D46D7ED0007C9E8 /* LaunchScreen.storyboard */,
				016869E91D46D7ED0007C9E8 /* Info.plist */,
				016869E11D46D7ED0007C9E8 /* Contacts_App.xcdatamodeld */,
				01686A0F1D46F4630007C9E8 /* ContactsLessonTableViewController.swift */,
				01686A131D47EC4E0007C9E8 /* DetailViewController.swift */,
			);
			path = "Contacts App";
			sourceTree = "<group>";
		};
		016869F11D46D7ED0007C9E8 /* Contacts AppTests */ = {
			isa = PBXGroup;
			children = (
				016869F21D46D7ED0007C9E8 /* Contacts_AppTests.swift */,
				016869F41D46D7ED0007C9E8 /* Info.plist */,
			);
			path = "Contacts AppTests";
			sourceTree = "<group>";
		};
		016869FC1D46D7ED0007C9E8 /* Contacts AppUITests */ = {
			isa = PBXGroup;
			children = (
				016869FD1D46D7ED0007C9E8 /* Contacts_AppUITests.swift */,
				016869FF1D46D7ED0007C9E8 /* Info.plist */,
			);
			path = "Contacts AppUITests";
			sourceTree = "<group>";
		};
/* End PBXGroup section */

/* Begin PBXNativeTarget section */
		016869D61D46D7ED0007C9E8 /* Contacts App */ = {
			isa = PBXNativeTarget;
			buildConfigurationList = 01686A021D46D7ED0007C9E8 /* Build configuration list for PBXNativeTarget "Contacts App" */;
			buildPhases = (
				016869D31D46D7ED0007C9E8 /* Sources */,
				016869D41D46D7ED0007C9E8 /* Frameworks */,
				016869D51D46D7ED0007C9E8 /* Resources */,
			);
			buildRules = (
			);
			dependencies = (
			);
			name = "Contacts App";
			productName = "Contacts App";
			productReference = 016869D71D46D7ED0007C9E8 /* Contacts App.app */;
			productType = "com.apple.product-type.application";
		};
		016869ED1D46D7ED0007C9E8 /* Contacts AppTests */ = {
			isa = PBXNativeTarget;
			buildConfigurationList = 01686A051D46D7ED0007C9E8 /* Build configuration list for PBXNativeTarget "Contacts AppTests" */;
			buildPhases = (
				016869EA1D46D7ED0007C9E8 /* Sources */,
				016869EB1D46D7ED0007C9E8 /* Frameworks */,
				016869EC1D46D7ED0007C9E8 /* Resources */,
			);
			buildRules = (
			);
			dependencies = (
				016869F01D46D7ED0007C9E8 /* PBXTargetDependency */,
			);
			name = "Contacts AppTests";
			productName = "Contacts AppTests";
			productReference = 016869EE1D46D7ED0007C9E8 /* Contacts AppTests.xctest */;
			productType = "com.apple.product-type.bundle.unit-test";
		};
		016869F81D46D7ED0007C9E8 /* Contacts AppUITests */ = {
			isa = PBXNativeTarget;
			buildConfigurationList = 01686A081D46D7ED0007C9E8 /* Build configuration list for PBXNativeTarget "Contacts AppUITests" */;
			buildPhases = (
				016869F51D46D7ED0007C9E8 /* Sources */,
				016869F61D46D7ED0007C9E8 /* Frameworks */,
				016869F71D46D7ED0007C9E8 /* Resources */,
			);
			buildRules = (
			);
			dependencies = (
				016869FB1D46D7ED0007C9E8 /* PBXTargetDependency */,
			);
			name = "Contacts AppUITests";
			productName = "Contacts AppUITests";
			productReference = 016869F91D46D7ED0007C9E8 /* Contacts AppUITests.xctest */;
			productType = "com.apple.product-type.bundle.ui-testing";
		};
/* End PBXNativeTarget section */

/* Begin PBXProject section */
		016869CF1D46D7ED0007C9E8 /* Project object */ = {
			isa = PBXProject;
			attributes = {
				LastSwiftUpdateCheck = 0730;
				LastUpgradeCheck = 0730;
				ORGANIZATIONNAME = "Laura Ware";
				TargetAttributes = {
					016869D61D46D7ED0007C9E8 = {
						CreatedOnToolsVersion = 7.3.1;
					};
					016869ED1D46D7ED0007C9E8 = {
						CreatedOnToolsVersion = 7.3.1;
						TestTargetID = 016869D61D46D7ED0007C9E8;
					};
					016869F81D46D7ED0007C9E8 = {
						CreatedOnToolsVersion = 7.3.1;
						TestTargetID = 016869D61D46D7ED0007C9E8;
					};
				};
			};
			buildConfigurationList = 016869D21D46D7ED0007C9E8 /* Build configuration list for PBXProject "Contacts App" */;
			compatibilityVersion = "Xcode 3.2";
			developmentRegion = English;
			hasScannedForEncodings = 0;
			knownRegions = (
				en,
				Base,
			);
			mainGroup = 016869CE1D46D7ED0007C9E8;
			productRefGroup = 016869D81D46D7ED0007C9E8 /* Products */;
			projectDirPath = "";
			projectRoot = "";
			targets = (
				016869D61D46D7ED0007C9E8 /* Contacts App */,
				016869ED1D46D7ED0007C9E8 /* Contacts AppTests */,
				016869F81D46D7ED0007C9E8 /* Contacts AppUITests */,
			);
		};
/* End PBXProject section */

/* Begin PBXResourcesBuildPhase section */
		016869D51D46D7ED0007C9E8 /* Resources */ = {
			isa = PBXResourcesBuildPhase;
			buildActionMask = 2147483647;
			files = (
				016869E81D46D7ED0007C9E8 /* LaunchScreen.storyboard in Resources */,
				016869E51D46D7ED0007C9E8 /* Assets.xcassets in Resources */,
				016869E01D46D7ED0007C9E8 /* Main.storyboard in Resources */,
			);
			runOnlyForDeploymentPostprocessing = 0;
		};
		016869EC1D46D7ED0007C9E8 /* Resources */ = {
			isa = PBXResourcesBuildPhase;
			buildActionMask = 2147483647;
			files = (
			);
			runOnlyForDeploymentPostprocessing = 0;
		};
		016869F71D46D7ED0007C9E8 /* Resources */ = {
			isa = PBXResourcesBuildPhase;
			buildActionMask = 2147483647;
			files = (
			);
			runOnlyForDeploymentPostprocessing = 0;
		};
/* End PBXResourcesBuildPhase section */

/* Begin PBXSourcesBuildPhase section */
		016869D31D46D7ED0007C9E8 /* Sources */ = {
			isa = PBXSourcesBuildPhase;
			buildActionMask = 2147483647;
			files = (
				01686A101D46F4630007C9E8 /* ContactsLessonTableViewController.swift in Sources */,
				016869E31D46D7ED0007C9E8 /* Contacts_App.xcdatamodeld in Sources */,
				01686A121D46F7A80007C9E8 /* Contact.swift in Sources */,
				01686A141D47EC4E0007C9E8 /* DetailViewController.swift in Sources */,
				016869DD1D46D7ED0007C9E8 /* ViewController.swift in Sources */,
				016869DB1D46D7ED0007C9E8 /* AppDelegate.swift in Sources */,
			);
			runOnlyForDeploymentPostprocessing = 0;
		};
		016869EA1D46D7ED0007C9E8 /* Sources */ = {
			isa = PBXSourcesBuildPhase;
			buildActionMask = 2147483647;
			files = (
				016869F31D46D7ED0007C9E8 /* Contacts_AppTests.swift in Sources */,
			);
			runOnlyForDeploymentPostprocessing = 0;
		};
		016869F51D46D7ED0007C9E8 /* Sources */ = {
			isa = PBXSourcesBuildPhase;
			buildActionMask = 2147483647;
			files = (
				016869FE1D46D7ED0007C9E8 /* Contacts_AppUITests.swift in Sources */,
			);
			runOnlyForDeploymentPostprocessing = 0;
		};
/* End PBXSourcesBuildPhase section */

/* Begin PBXTargetDependency section */
		016869F01D46D7ED0007C9E8 /* PBXTargetDependency */ = {
			isa = PBXTargetDependency;
			target = 016869D61D46D7ED0007C9E8 /* Contacts App */;
			targetProxy = 016869EF1D46D7ED0007C9E8 /* PBXContainerItemProxy */;
		};
		016869FB1D46D7ED0007C9E8 /* PBXTargetDependency */ = {
			isa = PBXTargetDependency;
			target = 016869D61D46D7ED0007C9E8 /* Contacts App */;
			targetProxy = 016869FA1D46D7ED0007C9E8 /* PBXContainerItemProxy */;
		};
/* End PBXTargetDependency section */

/* Begin PBXVariantGroup section */
		016869DE1D46D7ED0007C9E8 /* Main.storyboard */ = {
			isa = PBXVariantGroup;
			children = (
				016869DF1D46D7ED0007C9E8 /* Base */,
			);
			name = Main.storyboard;
			sourceTree = "<group>";
		};
		016869E61D46D7ED0007C9E8 /* LaunchScreen.storyboard */ = {
			isa = PBXVariantGroup;
			children = (
				016869E71D46D7ED0007C9E8 /* Base */,
			);
			name = LaunchScreen.storyboard;
			sourceTree = "<group>";
		};
/* End PBXVariantGroup section */

/* Begin XCBuildConfiguration section */
		01686A001D46D7ED0007C9E8 /* Debug */ = {
			isa = XCBuildConfiguration;
			buildSettings = {
				ALWAYS_SEARCH_USER_PATHS = NO;
				CLANG_ANALYZER_NONNULL = YES;
				CLANG_CXX_LANGUAGE_STANDARD = "gnu++0x";
				CLANG_CXX_LIBRARY = "libc++";
				CLANG_ENABLE_MODULES = YES;
				CLANG_ENABLE_OBJC_ARC = YES;
				CLANG_WARN_BOOL_CONVERSION = YES;
				CLANG_WARN_CONSTANT_CONVERSION = YES;
				CLANG_WARN_DIRECT_OBJC_ISA_USAGE = YES_ERROR;
				CLANG_WARN_EMPTY_BODY = YES;
				CLANG_WARN_ENUM_CONVERSION = YES;
				CLANG_WARN_INT_CONVERSION = YES;
				CLANG_WARN_OBJC_ROOT_CLASS = YES_ERROR;
				CLANG_WARN_UNREACHABLE_CODE = YES;
				CLANG_WARN__DUPLICATE_METHOD_MATCH = YES;
				"CODE_SIGN_IDENTITY[sdk=iphoneos*]" = "iPhone Developer";
				COPY_PHASE_STRIP = NO;
				DEBUG_INFORMATION_FORMAT = dwarf;
				ENABLE_STRICT_OBJC_MSGSEND = YES;
				ENABLE_TESTABILITY = YES;
				GCC_C_LANGUAGE_STANDARD = gnu99;
				GCC_DYNAMIC_NO_PIC = NO;
				GCC_NO_COMMON_BLOCKS = YES;
				GCC_OPTIMIZATION_LEVEL = 0;
				GCC_PREPROCESSOR_DEFINITIONS = (
					"DEBUG=1",
					"$(inherited)",
				);
				GCC_WARN_64_TO_32_BIT_CONVERSION = YES;
				GCC_WARN_ABOUT_RETURN_TYPE = YES_ERROR;
				GCC_WARN_UNDECLARED_SELECTOR = YES;
				GCC_WARN_UNINITIALIZED_AUTOS = YES_AGGRESSIVE;
				GCC_WARN_UNUSED_FUNCTION = YES;
				GCC_WARN_UNUSED_VARIABLE = YES;
				IPHONEOS_DEPLOYMENT_TARGET = 9.3;
				MTL_ENABLE_DEBUG_INFO = YES;
				ONLY_ACTIVE_ARCH = YES;
				SDKROOT = iphoneos;
				SWIFT_OPTIMIZATION_LEVEL = "-Onone";
			};
			name = Debug;
		};
		01686A011D46D7ED0007C9E8 /* Release */ = {
			isa = XCBuildConfiguration;
			buildSettings = {
				ALWAYS_SEARCH_USER_PATHS = NO;
				CLANG_ANALYZER_NONNULL = YES;
				CLANG_CXX_LANGUAGE_STANDARD = "gnu++0x";
				CLANG_CXX_LIBRARY = "libc++";
				CLANG_ENABLE_MODULES = YES;
				CLANG_ENABLE_OBJC_ARC = YES;
				CLANG_WARN_BOOL_CONVERSION = YES;
				CLANG_WARN_CONSTANT_CONVERSION = YES;
				CLANG_WARN_DIRECT_OBJC_ISA_USAGE = YES_ERROR;
				CLANG_WARN_EMPTY_BODY = YES;
				CLANG_WARN_ENUM_CONVERSION = YES;
				CLANG_WARN_INT_CONVERSION = YES;
				CLANG_WARN_OBJC_ROOT_CLASS = YES_ERROR;
				CLANG_WARN_UNREACHABLE_CODE = YES;
				CLANG_WARN__DUPLICATE_METHOD_MATCH = YES;
				"CODE_SIGN_IDENTITY[sdk=iphoneos*]" = "iPhone Developer";
				COPY_PHASE_STRIP = NO;
				DEBUG_INFORMATION_FORMAT = "dwarf-with-dsym";
				ENABLE_NS_ASSERTIONS = NO;
				ENABLE_STRICT_OBJC_MSGSEND = YES;
				GCC_C_LANGUAGE_STANDARD = gnu99;
				GCC_NO_COMMON_BLOCKS = YES;
				GCC_WARN_64_TO_32_BIT_CONVERSION = YES;
				GCC_WARN_ABOUT_RETURN_TYPE = YES_ERROR;
				GCC_WARN_UNDECLARED_SELECTOR = YES;
				GCC_WARN_UNINITIALIZED_AUTOS = YES_AGGRESSIVE;
				GCC_WARN_UNUSED_FUNCTION = YES;
				GCC_WARN_UNUSED_VARIABLE = YES;
				IPHONEOS_DEPLOYMENT_TARGET = 9.3;
				MTL_ENABLE_DEBUG_INFO = NO;
				SDKROOT = iphoneos;
				VALIDATE_PRODUCT = YES;
			};
			name = Release;
		};
		01686A031D46D7ED0007C9E8 /* Debug */ = {
			isa = XCBuildConfiguration;
			buildSettings = {
				ASSETCATALOG_COMPILER_APPICON_NAME = AppIcon;
				INFOPLIST_FILE = "Contacts App/Info.plist";
				LD_RUNPATH_SEARCH_PATHS = "$(inherited) @executable_path/Frameworks";
				PRODUCT_BUNDLE_IDENTIFIER = "com.lauramware.Contacts-App";
				PRODUCT_NAME = "$(TARGET_NAME)";
			};
			name = Debug;
		};
		01686A041D46D7ED0007C9E8 /* Release */ = {
			isa = XCBuildConfiguration;
			buildSettings = {
				ASSETCATALOG_COMPILER_APPICON_NAME = AppIcon;
				INFOPLIST_FILE = "Contacts App/Info.plist";
				LD_RUNPATH_SEARCH_PATHS = "$(inherited) @executable_path/Frameworks";
				PRODUCT_BUNDLE_IDENTIFIER = "com.lauramware.Contacts-App";
				PRODUCT_NAME = "$(TARGET_NAME)";
			};
			name = Release;
		};
		01686A061D46D7ED0007C9E8 /* Debug */ = {
			isa = XCBuildConfiguration;
			buildSettings = {
				BUNDLE_LOADER = "$(TEST_HOST)";
				INFOPLIST_FILE = "Contacts AppTests/Info.plist";
				LD_RUNPATH_SEARCH_PATHS = "$(inherited) @executable_path/Frameworks @loader_path/Frameworks";
				PRODUCT_BUNDLE_IDENTIFIER = "com.lauramware.Contacts-AppTests";
				PRODUCT_NAME = "$(TARGET_NAME)";
				TEST_HOST = "$(BUILT_PRODUCTS_DIR)/Contacts App.app/Contacts App";
			};
			name = Debug;
		};
		01686A071D46D7ED0007C9E8 /* Release */ = {
			isa = XCBuildConfiguration;
			buildSettings = {
				BUNDLE_LOADER = "$(TEST_HOST)";
				INFOPLIST_FILE = "Contacts AppTests/Info.plist";
				LD_RUNPATH_SEARCH_PATHS = "$(inherited) @executable_path/Frameworks @loader_path/Frameworks";
				PRODUCT_BUNDLE_IDENTIFIER = "com.lauramware.Contacts-AppTests";
				PRODUCT_NAME = "$(TARGET_NAME)";
				TEST_HOST = "$(BUILT_PRODUCTS_DIR)/Contacts App.app/Contacts App";
			};
			name = Release;
		};
		01686A091D46D7ED0007C9E8 /* Debug */ = {
			isa = XCBuildConfiguration;
			buildSettings = {
				INFOPLIST_FILE = "Contacts AppUITests/Info.plist";
				LD_RUNPATH_SEARCH_PATHS = "$(inherited) @executable_path/Frameworks @loader_path/Frameworks";
				PRODUCT_BUNDLE_IDENTIFIER = "com.lauramware.Contacts-AppUITests";
				PRODUCT_NAME = "$(TARGET_NAME)";
				TEST_TARGET_NAME = "Contacts App";
			};
			name = Debug;
		};
		01686A0A1D46D7ED0007C9E8 /* Release */ = {
			isa = XCBuildConfiguration;
			buildSettings = {
				INFOPLIST_FILE = "Contacts AppUITests/Info.plist";
				LD_RUNPATH_SEARCH_PATHS = "$(inherited) @executable_path/Frameworks @loader_path/Frameworks";
				PRODUCT_BUNDLE_IDENTIFIER = "com.lauramware.Contacts-AppUITests";
				PRODUCT_NAME = "$(TARGET_NAME)";
				TEST_TARGET_NAME = "Contacts App";
			};
			name = Release;
		};
/* End XCBuildConfiguration section */

/* Begin XCConfigurationList section */
		016869D21D46D7ED0007C9E8 /* Build configuration list for PBXProject "Contacts App" */ = {
			isa = XCConfigurationList;
			buildConfigurations = (
				01686A001D46D7ED0007C9E8 /* Debug */,
				01686A011D46D7ED0007C9E8 /* Release */,
			);
			defaultConfigurationIsVisible = 0;
			defaultConfigurationName = Release;
		};
		01686A021D46D7ED0007C9E8 /* Build configuration list for PBXNativeTarget "Contacts App" */ = {
			isa = XCConfigurationList;
			buildConfigurations = (
				01686A031D46D7ED0007C9E8 /* Debug */,
				01686A041D46D7ED0007C9E8 /* Release */,
			);
			defaultConfigurationIsVisible = 0;
		};
		01686A051D46D7ED0007C9E8 /* Build configuration list for PBXNativeTarget "Contacts AppTests" */ = {
			isa = XCConfigurationList;
			buildConfigurations = (
				01686A061D46D7ED0007C9E8 /* Debug */,
				01686A071D46D7ED0007C9E8 /* Release */,
			);
			defaultConfigurationIsVisible = 0;
		};
		01686A081D46D7ED0007C9E8 /* Build configuration list for PBXNativeTarget "Contacts AppUITests" */ = {
			isa = XCConfigurationList;
			buildConfigurations = (
				01686A091D46D7ED0007C9E8 /* Debug */,
				01686A0A1D46D7ED0007C9E8 /* Release */,
			);
			defaultConfigurationIsVisible = 0;
		};
/* End XCConfigurationList section */

/* Begin XCVersionGroup section */
		016869E11D46D7ED0007C9E8 /* Contacts_App.xcdatamodeld */ = {
			isa = XCVersionGroup;
			children = (
				016869E21D46D7ED0007C9E8 /* Contacts_App.xcdatamodel */,
			);
			currentVersion = 016869E21D46D7ED0007C9E8 /* Contacts_App.xcdatamodel */;
			path = Contacts_App.xcdatamodeld;
			sourceTree = "<group>";
			versionGroupType = wrapper.xcdatamodel;
		};
/* End XCVersionGroup section */
	};
	rootObject = 016869CF1D46D7ED0007C9E8 /* Project object */;
}
